// !$*UTF8*$!
{
	archiveVersion = 1;
	classes = {
	};
	objectVersion = 56;
	objects = {

/* Begin PBXBuildFile section */
		D81634D62AB8C732007E2D0F /* SetModel.swift in Sources */ = {isa = PBXBuildFile; fileRef = D81634D52AB8C732007E2D0F /* SetModel.swift */; };
		D81634D82AB8CEE6007E2D0F /* SetViewModel.swift in Sources */ = {isa = PBXBuildFile; fileRef = D81634D72AB8CEE6007E2D0F /* SetViewModel.swift */; };
		D885C4292AB27CCF005FD1A6 /* SetApp.swift in Sources */ = {isa = PBXBuildFile; fileRef = D885C4282AB27CCF005FD1A6 /* SetApp.swift */; };
		D885C42B2AB27CCF005FD1A6 /* SetView.swift in Sources */ = {isa = PBXBuildFile; fileRef = D885C42A2AB27CCF005FD1A6 /* SetView.swift */; };
		D885C42D2AB27CD0005FD1A6 /* Assets.xcassets in Resources */ = {isa = PBXBuildFile; fileRef = D885C42C2AB27CD0005FD1A6 /* Assets.xcassets */; };
		D885C4302AB27CD0005FD1A6 /* Preview Assets.xcassets in Resources */ = {isa = PBXBuildFile; fileRef = D885C42F2AB27CD0005FD1A6 /* Preview Assets.xcassets */; };
		D8CAC9F92AC3137D002EEC1B /* Colors.swift in Sources */ = {isa = PBXBuildFile; fileRef = D8CAC9F82AC3137D002EEC1B /* Colors.swift */; };
		D8CAC9FB2AC313C2002EEC1B /* Counts.swift in Sources */ = {isa = PBXBuildFile; fileRef = D8CAC9FA2AC313C2002EEC1B /* Counts.swift */; };
		D8CAC9FD2AC313E9002EEC1B /* Fills.swift in Sources */ = {isa = PBXBuildFile; fileRef = D8CAC9FC2AC313E9002EEC1B /* Fills.swift */; };
		D8CAC9FF2AC31416002EEC1B /* Shapes.swift in Sources */ = {isa = PBXBuildFile; fileRef = D8CAC9FE2AC31416002EEC1B /* Shapes.swift */; };
		D8CACA022AC324B4002EEC1B /* CompletedSetsView.swift in Sources */ = {isa = PBXBuildFile; fileRef = D8CACA012AC324B4002EEC1B /* CompletedSetsView.swift */; };
/* End PBXBuildFile section */

/* Begin PBXFileReference section */
		D81634D52AB8C732007E2D0F /* SetModel.swift */ = {isa = PBXFileReference; lastKnownFileType = sourcecode.swift; path = SetModel.swift; sourceTree = "<group>"; };
		D81634D72AB8CEE6007E2D0F /* SetViewModel.swift */ = {isa = PBXFileReference; lastKnownFileType = sourcecode.swift; path = SetViewModel.swift; sourceTree = "<group>"; };
		D885C4252AB27CCF005FD1A6 /* Set.app */ = {isa = PBXFileReference; explicitFileType = wrapper.application; includeInIndex = 0; path = Set.app; sourceTree = BUILT_PRODUCTS_DIR; };
		D885C4282AB27CCF005FD1A6 /* SetApp.swift */ = {isa = PBXFileReference; lastKnownFileType = sourcecode.swift; path = SetApp.swift; sourceTree = "<group>"; };
		D885C42A2AB27CCF005FD1A6 /* SetView.swift */ = {isa = PBXFileReference; lastKnownFileType = sourcecode.swift; path = SetView.swift; sourceTree = "<group>"; };
		D885C42C2AB27CD0005FD1A6 /* Assets.xcassets */ = {isa = PBXFileReference; lastKnownFileType = folder.assetcatalog; path = Assets.xcassets; sourceTree = "<group>"; };
		D885C42F2AB27CD0005FD1A6 /* Preview Assets.xcassets */ = {isa = PBXFileReference; lastKnownFileType = folder.assetcatalog; path = "Preview Assets.xcassets"; sourceTree = "<group>"; };
		D8CAC9F82AC3137D002EEC1B /* Colors.swift */ = {isa = PBXFileReference; lastKnownFileType = sourcecode.swift; path = Colors.swift; sourceTree = "<group>"; };
		D8CAC9FA2AC313C2002EEC1B /* Counts.swift */ = {isa = PBXFileReference; lastKnownFileType = sourcecode.swift; path = Counts.swift; sourceTree = "<group>"; };
		D8CAC9FC2AC313E9002EEC1B /* Fills.swift */ = {isa = PBXFileReference; lastKnownFileType = sourcecode.swift; path = Fills.swift; sourceTree = "<group>"; };
		D8CAC9FE2AC31416002EEC1B /* Shapes.swift */ = {isa = PBXFileReference; lastKnownFileType = sourcecode.swift; path = Shapes.swift; sourceTree = "<group>"; };
		D8CACA012AC324B4002EEC1B /* CompletedSetsView.swift */ = {isa = PBXFileReference; lastKnownFileType = sourcecode.swift; path = CompletedSetsView.swift; sourceTree = "<group>"; };
/* End PBXFileReference section */

/* Begin PBXFrameworksBuildPhase section */
		D885C4222AB27CCF005FD1A6 /* Frameworks */ = {
			isa = PBXFrameworksBuildPhase;
			buildActionMask = 2147483647;
			files = (
			);
			runOnlyForDeploymentPostprocessing = 0;
		};
/* End PBXFrameworksBuildPhase section */

/* Begin PBXGroup section */
		D885C41C2AB27CCF005FD1A6 = {
			isa = PBXGroup;
			children = (
				D885C4272AB27CCF005FD1A6 /* Set */,
				D885C4262AB27CCF005FD1A6 /* Products */,
			);
			sourceTree = "<group>";
		};
		D885C4262AB27CCF005FD1A6 /* Products */ = {
			isa = PBXGroup;
			children = (
				D885C4252AB27CCF005FD1A6 /* Set.app */,
			);
			name = Products;
			sourceTree = "<group>";
		};
		D885C4272AB27CCF005FD1A6 /* Set */ = {
			isa = PBXGroup;
			children = (
				D885C4282AB27CCF005FD1A6 /* SetApp.swift */,
				D885C42A2AB27CCF005FD1A6 /* SetView.swift */,
				D8CACA012AC324B4002EEC1B /* CompletedSetsView.swift */,
				D8CACA002AC3243D002EEC1B /* Models */,
				D81634D72AB8CEE6007E2D0F /* SetViewModel.swift */,
				D885C42C2AB27CD0005FD1A6 /* Assets.xcassets */,
				D885C42E2AB27CD0005FD1A6 /* Preview Content */,
			);
			path = Set;
			sourceTree = "<group>";
		};
		D885C42E2AB27CD0005FD1A6 /* Preview Content */ = {
			isa = PBXGroup;
			children = (
				D885C42F2AB27CD0005FD1A6 /* Preview Assets.xcassets */,
			);
			path = "Preview Content";
			sourceTree = "<group>";
		};
		D8CACA002AC3243D002EEC1B /* Models */ = {
			isa = PBXGroup;
			children = (
				D81634D52AB8C732007E2D0F /* SetModel.swift */,
				D8CAC9FE2AC31416002EEC1B /* Shapes.swift */,
				D8CAC9FC2AC313E9002EEC1B /* Fills.swift */,
				D8CAC9FA2AC313C2002EEC1B /* Counts.swift */,
				D8CAC9F82AC3137D002EEC1B /* Colors.swift */,
			);
			path = Models;
			sourceTree = "<group>";
		};
/* End PBXGroup section */

/* Begin PBXNativeTarget section */
		D885C4242AB27CCF005FD1A6 /* Set */ = {
			isa = PBXNativeTarget;
			buildConfigurationList = D885C4332AB27CD0005FD1A6 /* Build configuration list for PBXNativeTarget "Set" */;
			buildPhases = (
				D885C4212AB27CCF005FD1A6 /* Sources */,
				D885C4222AB27CCF005FD1A6 /* Frameworks */,
				D885C4232AB27CCF005FD1A6 /* Resources */,
			);
			buildRules = (
			);
			dependencies = (
			);
			name = Set;
			productName = Set;
			productReference = D885C4252AB27CCF005FD1A6 /* Set.app */;
			productType = "com.apple.product-type.application";
		};
/* End PBXNativeTarget section */

/* Begin PBXProject section */
		D885C41D2AB27CCF005FD1A6 /* Project object */ = {
			isa = PBXProject;
			attributes = {
				BuildIndependentTargetsInParallel = 1;
				LastSwiftUpdateCheck = 1430;
				LastUpgradeCheck = 1430;
				TargetAttributes = {
					D885C4242AB27CCF005FD1A6 = {
						CreatedOnToolsVersion = 14.3.1;
					};
				};
			};
			buildConfigurationList = D885C4202AB27CCF005FD1A6 /* Build configuration list for PBXProject "Set" */;
			compatibilityVersion = "Xcode 14.0";
			developmentRegion = en;
			hasScannedForEncodings = 0;
			knownRegions = (
				en,
				Base,
			);
			mainGroup = D885C41C2AB27CCF005FD1A6;
			productRefGroup = D885C4262AB27CCF005FD1A6 /* Products */;
			projectDirPath = "";
			projectRoot = "";
			targets = (
				D885C4242AB27CCF005FD1A6 /* Set */,
			);
		};
/* End PBXProject section */

/* Begin PBXResourcesBuildPhase section */
		D885C4232AB27CCF005FD1A6 /* Resources */ = {
			isa = PBXResourcesBuildPhase;
			buildActionMask = 2147483647;
			files = (
				D885C4302AB27CD0005FD1A6 /* Preview Assets.xcassets in Resources */,
				D885C42D2AB27CD0005FD1A6 /* Assets.xcassets in Resources */,
			);
			runOnlyForDeploymentPostprocessing = 0;
		};
/* End PBXResourcesBuildPhase section */

/* Begin PBXSourcesBuildPhase section */
		D885C4212AB27CCF005FD1A6 /* Sources */ = {
			isa = PBXSourcesBuildPhase;
			buildActionMask = 2147483647;
			files = (
				D8CAC9FD2AC313E9002EEC1B /* Fills.swift in Sources */,
				D81634D82AB8CEE6007E2D0F /* SetViewModel.swift in Sources */,
				D8CAC9F92AC3137D002EEC1B /* Colors.swift in Sources */,
				D8CAC9FF2AC31416002EEC1B /* Shapes.swift in Sources */,
				D885C42B2AB27CCF005FD1A6 /* SetView.swift in Sources */,
				D8CACA022AC324B4002EEC1B /* CompletedSetsView.swift in Sources */,
				D8CAC9FB2AC313C2002EEC1B /* Counts.swift in Sources */,
				D885C4292AB27CCF005FD1A6 /* SetApp.swift in Sources */,
				D81634D62AB8C732007E2D0F /* SetModel.swift in Sources */,
			);
			runOnlyForDeploymentPostprocessing = 0;
		};
/* End PBXSourcesBuildPhase section */

/* Begin XCBuildConfiguration section */
		D885C4312AB27CD0005FD1A6 /* Debug */ = {
			isa = XCBuildConfiguration;
			buildSettings = {
				ALWAYS_SEARCH_USER_PATHS = NO;
				CLANG_ANALYZER_NONNULL = YES;
				CLANG_ANALYZER_NUMBER_OBJECT_CONVERSION = YES_AGGRESSIVE;
				CLANG_CXX_LANGUAGE_STANDARD = "gnu++20";
				CLANG_ENABLE_MODULES = YES;
				CLANG_ENABLE_OBJC_ARC = YES;
				CLANG_ENABLE_OBJC_WEAK = YES;
				CLANG_WARN_BLOCK_CAPTURE_AUTORELEASING = YES;
				CLANG_WARN_BOOL_CONVERSION = YES;
				CLANG_WARN_COMMA = YES;
				CLANG_WARN_CONSTANT_CONVERSION = YES;
				CLANG_WARN_DEPRECATED_OBJC_IMPLEMENTATIONS = YES;
				CLANG_WARN_DIRECT_OBJC_ISA_USAGE = YES_ERROR;
				CLANG_WARN_DOCUMENTATION_COMMENTS = YES;
				CLANG_WARN_EMPTY_BODY = YES;
				CLANG_WARN_ENUM_CONVERSION = YES;
				CLANG_WARN_INFINITE_RECURSION = YES;
				CLANG_WARN_INT_CONVERSION = YES;
				CLANG_WARN_NON_LITERAL_NULL_CONVERSION = YES;
				CLANG_WARN_OBJC_IMPLICIT_RETAIN_SELF = YES;
				CLANG_WARN_OBJC_LITERAL_CONVERSION = YES;
				CLANG_WARN_OBJC_ROOT_CLASS = YES_ERROR;
				CLANG_WARN_QUOTED_INCLUDE_IN_FRAMEWORK_HEADER = YES;
				CLANG_WARN_RANGE_LOOP_ANALYSIS = YES;
				CLANG_WARN_STRICT_PROTOTYPES = YES;
				CLANG_WARN_SUSPICIOUS_MOVE = YES;
				CLANG_WARN_UNGUARDED_AVAILABILITY = YES_AGGRESSIVE;
				CLANG_WARN_UNREACHABLE_CODE = YES;
				CLANG_WARN__DUPLICATE_METHOD_MATCH = YES;
				COPY_PHASE_STRIP = NO;
				DEBUG_INFORMATION_FORMAT = dwarf;
				ENABLE_STRICT_OBJC_MSGSEND = YES;
				ENABLE_TESTABILITY = YES;
				GCC_C_LANGUAGE_STANDARD = gnu11;
				GCC_DYNAMIC_NO_PIC = NO;
				GCC_NO_COMMON_BLOCKS = YES;
				GCC_OPTIMIZATION_LEVEL = 0;
				GCC_PREPROCESSOR_DEFINITIONS = (
					"DEBUG=1",
					"$(inherited)",
				);
				GCC_WARN_64_TO_32_BIT_CONVERSION = YES;
				GCC_WARN_ABOUT_RETURN_TYPE = YES_ERROR;
				GCC_WARN_UNDECLARED_SELECTOR = YES;
				GCC_WARN_UNINITIALIZED_AUTOS = YES_AGGRESSIVE;
				GCC_WARN_UNUSED_FUNCTION = YES;
				GCC_WARN_UNUSED_VARIABLE = YES;
				IPHONEOS_DEPLOYMENT_TARGET = 16.4;
				MTL_ENABLE_DEBUG_INFO = INCLUDE_SOURCE;
				MTL_FAST_MATH = YES;
				ONLY_ACTIVE_ARCH = YES;
				SDKROOT = iphoneos;
				SWIFT_ACTIVE_COMPILATION_CONDITIONS = DEBUG;
				SWIFT_OPTIMIZATION_LEVEL = "-Onone";
			};
			name = Debug;
		};
		D885C4322AB27CD0005FD1A6 /* Release */ = {
			isa = XCBuildConfiguration;
			buildSettings = {
				ALWAYS_SEARCH_USER_PATHS = NO;
				CLANG_ANALYZER_NONNULL = YES;
				CLANG_ANALYZER_NUMBER_OBJECT_CONVERSION = YES_AGGRESSIVE;
				CLANG_CXX_LANGUAGE_STANDARD = "gnu++20";
				CLANG_ENABLE_MODULES = YES;
				CLANG_ENABLE_OBJC_ARC = YES;
				CLANG_ENABLE_OBJC_WEAK = YES;
				CLANG_WARN_BLOCK_CAPTURE_AUTORELEASING = YES;
				CLANG_WARN_BOOL_CONVERSION = YES;
				CLANG_WARN_COMMA = YES;
				CLANG_WARN_CONSTANT_CONVERSION = YES;
				CLANG_WARN_DEPRECATED_OBJC_IMPLEMENTATIONS = YES;
				CLANG_WARN_DIRECT_OBJC_ISA_USAGE = YES_ERROR;
				CLANG_WARN_DOCUMENTATION_COMMENTS = YES;
				CLANG_WARN_EMPTY_BODY = YES;
				CLANG_WARN_ENUM_CONVERSION = YES;
				CLANG_WARN_INFINITE_RECURSION = YES;
				CLANG_WARN_INT_CONVERSION = YES;
				CLANG_WARN_NON_LITERAL_NULL_CONVERSION = YES;
				CLANG_WARN_OBJC_IMPLICIT_RETAIN_SELF = YES;
				CLANG_WARN_OBJC_LITERAL_CONVERSION = YES;
				CLANG_WARN_OBJC_ROOT_CLASS = YES_ERROR;
				CLANG_WARN_QUOTED_INCLUDE_IN_FRAMEWORK_HEADER = YES;
				CLANG_WARN_RANGE_LOOP_ANALYSIS = YES;
				CLANG_WARN_STRICT_PROTOTYPES = YES;
				CLANG_WARN_SUSPICIOUS_MOVE = YES;
				CLANG_WARN_UNGUARDED_AVAILABILITY = YES_AGGRESSIVE;
				CLANG_WARN_UNREACHABLE_CODE = YES;
				CLANG_WARN__DUPLICATE_METHOD_MATCH = YES;
				COPY_PHASE_STRIP = NO;
				DEBUG_INFORMATION_FORMAT = "dwarf-with-dsym";
				ENABLE_NS_ASSERTIONS = NO;
				ENABLE_STRICT_OBJC_MSGSEND = YES;
				GCC_C_LANGUAGE_STANDARD = gnu11;
				GCC_NO_COMMON_BLOCKS = YES;
				GCC_WARN_64_TO_32_BIT_CONVERSION = YES;
				GCC_WARN_ABOUT_RETURN_TYPE = YES_ERROR;
				GCC_WARN_UNDECLARED_SELECTOR = YES;
				GCC_WARN_UNINITIALIZED_AUTOS = YES_AGGRESSIVE;
				GCC_WARN_UNUSED_FUNCTION = YES;
				GCC_WARN_UNUSED_VARIABLE = YES;
				IPHONEOS_DEPLOYMENT_TARGET = 16.4;
				MTL_ENABLE_DEBUG_INFO = NO;
				MTL_FAST_MATH = YES;
				SDKROOT = iphoneos;
				SWIFT_COMPILATION_MODE = wholemodule;
				SWIFT_OPTIMIZATION_LEVEL = "-O";
				VALIDATE_PRODUCT = YES;
			};
			name = Release;
		};
		D885C4342AB27CD0005FD1A6 /* Debug */ = {
			isa = XCBuildConfiguration;
			buildSettings = {
				ASSETCATALOG_COMPILER_APPICON_NAME = AppIcon;
				ASSETCATALOG_COMPILER_GLOBAL_ACCENT_COLOR_NAME = AccentColor;
				CODE_SIGN_STYLE = Automatic;
				CURRENT_PROJECT_VERSION = 1;
				DEVELOPMENT_ASSET_PATHS = "\"Set/Preview Content\"";
				ENABLE_PREVIEWS = YES;
				GENERATE_INFOPLIST_FILE = YES;
				INFOPLIST_KEY_UIApplicationSceneManifest_Generation = YES;
				INFOPLIST_KEY_UIApplicationSupportsIndirectInputEvents = YES;
				INFOPLIST_KEY_UILaunchScreen_Generation = YES;
				INFOPLIST_KEY_UISupportedInterfaceOrientations_iPad = "UIInterfaceOrientationPortrait UIInterfaceOrientationPortraitUpsideDown UIInterfaceOrientationLandscapeLeft UIInterfaceOrientationLandscapeRight";
				INFOPLIST_KEY_UISupportedInterfaceOrientations_iPhone = "UIInterfaceOrientationPortrait UIInterfaceOrientationLandscapeLeft UIInterfaceOrientationLandscapeRight";
				LD_RUNPATH_SEARCH_PATHS = (
					"$(inherited)",
					"@executable_path/Frameworks",
				);
				MARKETING_VERSION = 1.0;
				PRODUCT_BUNDLE_IDENTIFIER = cs193p.chuluda.Set;
				PRODUCT_NAME = "$(TARGET_NAME)";
				SWIFT_EMIT_LOC_STRINGS = YES;
				SWIFT_VERSION = 5.0;
				TARGETED_DEVICE_FAMILY = "1,2";
			};
			name = Debug;
		};
		D885C4352AB27CD0005FD1A6 /* Release */ = {
			isa = XCBuildConfiguration;
			buildSettings = {
				ASSETCATALOG_COMPILER_APPICON_NAME = AppIcon;
				ASSETCATALOG_COMPILER_GLOBAL_ACCENT_COLOR_NAME = AccentColor;
				CODE_SIGN_STYLE = Automatic;
				CURRENT_PROJECT_VERSION = 1;
				DEVELOPMENT_ASSET_PATHS = "\"Set/Preview Content\"";
				ENABLE_PREVIEWS = YES;
				GENERATE_INFOPLIST_FILE = YES;
				INFOPLIST_KEY_UIApplicationSceneManifest_Generation = YES;
				INFOPLIST_KEY_UIApplicationSupportsIndirectInputEvents = YES;
				INFOPLIST_KEY_UILaunchScreen_Generation = YES;
				INFOPLIST_KEY_UISupportedInterfaceOrientations_iPad = "UIInterfaceOrientationPortrait UIInterfaceOrientationPortraitUpsideDown UIInterfaceOrientationLandscapeLeft UIInterfaceOrientationLandscapeRight";
				INFOPLIST_KEY_UISupportedInterfaceOrientations_iPhone = "UIInterfaceOrientationPortrait UIInterfaceOrientationLandscapeLeft UIInterfaceOrientationLandscapeRight";
				LD_RUNPATH_SEARCH_PATHS = (
					"$(inherited)",
					"@executable_path/Frameworks",
				);
				MARKETING_VERSION = 1.0;
				PRODUCT_BUNDLE_IDENTIFIER = cs193p.chuluda.Set;
				PRODUCT_NAME = "$(TARGET_NAME)";
				SWIFT_EMIT_LOC_STRINGS = YES;
				SWIFT_VERSION = 5.0;
				TARGETED_DEVICE_FAMILY = "1,2";
			};
			name = Release;
		};
/* End XCBuildConfiguration section */

/* Begin XCConfigurationList section */
		D885C4202AB27CCF005FD1A6 /* Build configuration list for PBXProject "Set" */ = {
			isa = XCConfigurationList;
			buildConfigurations = (
				D885C4312AB27CD0005FD1A6 /* Debug */,
				D885C4322AB27CD0005FD1A6 /* Release */,
			);
			defaultConfigurationIsVisible = 0;
			defaultConfigurationName = Release;
		};
		D885C4332AB27CD0005FD1A6 /* Build configuration list for PBXNativeTarget "Set" */ = {
			isa = XCConfigurationList;
			buildConfigurations = (
				D885C4342AB27CD0005FD1A6 /* Debug */,
				D885C4352AB27CD0005FD1A6 /* Release */,
			);
			defaultConfigurationIsVisible = 0;
			defaultConfigurationName = Release;
		};
/* End XCConfigurationList section */
	};
	rootObject = D885C41D2AB27CCF005FD1A6 /* Project object */;
}
